
Microsoft Visual Studio Solution File, Format Version 12.00
# Visual Studio 15
VisualStudioVersion = 15.0.28307.1267
MinimumVisualStudioVersion = 10.0.40219.1
Project("{2150E333-8FDC-42A3-9474-1A3956D46DE8}") = "0 - Presentation", "0 - Presentation", "{15F09CE5-68A8-43DE-AB8D-A9AAF2B3D64A}"
EndProject
Project("{FAE04EC0-301F-11D3-BF4B-00C04F79EFBC}") = "DoYouKnow.Presentation", "DoYouKnow.Presentation\DoYouKnow.Presentation.csproj", "{5F6A2531-3358-4F8C-9218-C33F34DCF6AC}"
EndProject
Global
	GlobalSection(SolutionConfigurationPlatforms) = preSolution
		Debug|Any CPU = Debug|Any CPU
		Release|Any CPU = Release|Any CPU
	EndGlobalSection
	GlobalSection(ProjectConfigurationPlatforms) = postSolution
		{5F6A2531-3358-4F8C-9218-C33F34DCF6AC}.Debug|Any CPU.ActiveCfg = Debug|Any CPU
		{5F6A2531-3358-4F8C-9218-C33F34DCF6AC}.Debug|Any CPU.Build.0 = Debug|Any CPU
		{5F6A2531-3358-4F8C-9218-C33F34DCF6AC}.Release|Any CPU.ActiveCfg = Release|Any CPU
		{5F6A2531-3358-4F8C-9218-C33F34DCF6AC}.Release|Any CPU.Build.0 = Release|Any CPU
	EndGlobalSection
	GlobalSection(SolutionProperties) = preSolution
		HideSolutionNode = FALSE
	EndGlobalSection
	GlobalSection(NestedProjects) = preSolution
		{5F6A2531-3358-4F8C-9218-C33F34DCF6AC} = {15F09CE5-68A8-43DE-AB8D-A9AAF2B3D64A}
	EndGlobalSection
	GlobalSection(ExtensibilityGlobals) = postSolution
		SolutionGuid = {927590E2-2409-440C-B859-D79C3406FB70}
	EndGlobalSection
EndGlobal
